// !$*UTF8*$!
{
	archiveVersion = 1;
	classes = {
	};
	objectVersion = 46;
	objects = {

/* Begin PBXBuildFile section */
		800689C11F0D9328001FE47D /* KeyboardRegistry.m in Sources */ = {isa = PBXBuildFile; fileRef = 800689C01F0D9328001FE47D /* KeyboardRegistry.m */; };
		8073BAA51F09540900BF8C50 /* AppDelegate.m in Sources */ = {isa = PBXBuildFile; fileRef = 8073BAA41F09540900BF8C50 /* AppDelegate.m */; };
		8073BAA81F09540900BF8C50 /* main.m in Sources */ = {isa = PBXBuildFile; fileRef = 8073BAA71F09540900BF8C50 /* main.m */; };
		8073BAAD1F09540900BF8C50 /* Assets.xcassets in Resources */ = {isa = PBXBuildFile; fileRef = 8073BAAC1F09540900BF8C50 /* Assets.xcassets */; };
		8073BAB81F0954A500BF8C50 /* MainMenu.xib in Resources */ = {isa = PBXBuildFile; fileRef = 8073BAB71F0954A500BF8C50 /* MainMenu.xib */; };
		8073BAC11F0964E800BF8C50 /* PreferencesWindowController.m in Sources */ = {isa = PBXBuildFile; fileRef = 8073BABF1F0964E800BF8C50 /* PreferencesWindowController.m */; };
		8073BAC21F0964E800BF8C50 /* PreferencesWindow.xib in Resources */ = {isa = PBXBuildFile; fileRef = 8073BAC01F0964E800BF8C50 /* PreferencesWindow.xib */; };
		8073BAC71F096B5400BF8C50 /* MatchingDictionary.m in Sources */ = {isa = PBXBuildFile; fileRef = 8073BAC61F096B5400BF8C50 /* MatchingDictionary.m */; };
		8073BACA1F09CEB900BF8C50 /* MatchingDictionaryList.m in Sources */ = {isa = PBXBuildFile; fileRef = 8073BAC91F09CEB900BF8C50 /* MatchingDictionaryList.m */; };
		8073BACD1F0B5E6200BF8C50 /* KeyboardEventTap.m in Sources */ = {isa = PBXBuildFile; fileRef = 8073BACC1F0B5E6200BF8C50 /* KeyboardEventTap.m */; };
		8073BAD11F0B623F00BF8C50 /* KeyboardEvent.m in Sources */ = {isa = PBXBuildFile; fileRef = 8073BAD01F0B623F00BF8C50 /* KeyboardEvent.m */; };
		8073BAD41F0B62F700BF8C50 /* IOHIDKeyboardEvent.m in Sources */ = {isa = PBXBuildFile; fileRef = 8073BAD31F0B62F700BF8C50 /* IOHIDKeyboardEvent.m */; };
		8073BAD71F0B633700BF8C50 /* CGKeyboardEvent.m in Sources */ = {isa = PBXBuildFile; fileRef = 8073BAD61F0B633700BF8C50 /* CGKeyboardEvent.m */; };
		8073BADA1F0BE1AE00BF8C50 /* CGKeyboardEventTap.m in Sources */ = {isa = PBXBuildFile; fileRef = 8073BAD91F0BE1AE00BF8C50 /* CGKeyboardEventTap.m */; };
		8073BAE01F0BE78E00BF8C50 /* IOHIDKeyboardEventTap.m in Sources */ = {isa = PBXBuildFile; fileRef = 8073BADF1F0BE78E00BF8C50 /* IOHIDKeyboardEventTap.m */; };
		80B4F2701F0D4A100082BA26 /* KeyboardDevice.m in Sources */ = {isa = PBXBuildFile; fileRef = 80B4F26F1F0D4A100082BA26 /* KeyboardDevice.m */; };
/* End PBXBuildFile section */

/* Begin PBXFileReference section */
		800689BF1F0D9328001FE47D /* KeyboardRegistry.h */ = {isa = PBXFileReference; fileEncoding = 4; lastKnownFileType = sourcecode.c.h; path = KeyboardRegistry.h; sourceTree = "<group>"; };
		800689C01F0D9328001FE47D /* KeyboardRegistry.m */ = {isa = PBXFileReference; fileEncoding = 4; lastKnownFileType = sourcecode.c.objc; path = KeyboardRegistry.m; sourceTree = "<group>"; };
		800689C21F0D9406001FE47D /* KeyboardRegistryDelegate.h */ = {isa = PBXFileReference; lastKnownFileType = sourcecode.c.h; path = KeyboardRegistryDelegate.h; sourceTree = "<group>"; };
		8073BAA01F09540900BF8C50 /* MoreKeys.app */ = {isa = PBXFileReference; explicitFileType = wrapper.application; includeInIndex = 0; path = MoreKeys.app; sourceTree = BUILT_PRODUCTS_DIR; };
		8073BAA31F09540900BF8C50 /* AppDelegate.h */ = {isa = PBXFileReference; lastKnownFileType = sourcecode.c.h; path = AppDelegate.h; sourceTree = "<group>"; };
		8073BAA41F09540900BF8C50 /* AppDelegate.m */ = {isa = PBXFileReference; lastKnownFileType = sourcecode.c.objc; path = AppDelegate.m; sourceTree = "<group>"; };
		8073BAA71F09540900BF8C50 /* main.m */ = {isa = PBXFileReference; lastKnownFileType = sourcecode.c.objc; path = main.m; sourceTree = "<group>"; };
		8073BAAC1F09540900BF8C50 /* Assets.xcassets */ = {isa = PBXFileReference; lastKnownFileType = folder.assetcatalog; path = Assets.xcassets; sourceTree = "<group>"; };
		8073BAB11F09540900BF8C50 /* Info.plist */ = {isa = PBXFileReference; lastKnownFileType = text.plist.xml; path = Info.plist; sourceTree = "<group>"; };
		8073BAB71F0954A500BF8C50 /* MainMenu.xib */ = {isa = PBXFileReference; fileEncoding = 4; lastKnownFileType = file.xib; path = MainMenu.xib; sourceTree = "<group>"; };
		8073BABE1F0964E800BF8C50 /* PreferencesWindowController.h */ = {isa = PBXFileReference; fileEncoding = 4; lastKnownFileType = sourcecode.c.h; path = PreferencesWindowController.h; sourceTree = "<group>"; };
		8073BABF1F0964E800BF8C50 /* PreferencesWindowController.m */ = {isa = PBXFileReference; fileEncoding = 4; lastKnownFileType = sourcecode.c.objc; path = PreferencesWindowController.m; sourceTree = "<group>"; };
		8073BAC01F0964E800BF8C50 /* PreferencesWindow.xib */ = {isa = PBXFileReference; fileEncoding = 4; lastKnownFileType = file.xib; path = PreferencesWindow.xib; sourceTree = "<group>"; };
		8073BAC51F096B5400BF8C50 /* MatchingDictionary.h */ = {isa = PBXFileReference; fileEncoding = 4; lastKnownFileType = sourcecode.c.h; path = MatchingDictionary.h; sourceTree = "<group>"; };
		8073BAC61F096B5400BF8C50 /* MatchingDictionary.m */ = {isa = PBXFileReference; fileEncoding = 4; lastKnownFileType = sourcecode.c.objc; path = MatchingDictionary.m; sourceTree = "<group>"; };
		8073BAC81F09CEB900BF8C50 /* MatchingDictionaryList.h */ = {isa = PBXFileReference; fileEncoding = 4; lastKnownFileType = sourcecode.c.h; path = MatchingDictionaryList.h; sourceTree = "<group>"; };
		8073BAC91F09CEB900BF8C50 /* MatchingDictionaryList.m */ = {isa = PBXFileReference; fileEncoding = 4; lastKnownFileType = sourcecode.c.objc; path = MatchingDictionaryList.m; sourceTree = "<group>"; };
		8073BACB1F0B5E6200BF8C50 /* KeyboardEventTap.h */ = {isa = PBXFileReference; fileEncoding = 4; lastKnownFileType = sourcecode.c.h; path = KeyboardEventTap.h; sourceTree = "<group>"; };
		8073BACC1F0B5E6200BF8C50 /* KeyboardEventTap.m */ = {isa = PBXFileReference; fileEncoding = 4; lastKnownFileType = sourcecode.c.objc; path = KeyboardEventTap.m; sourceTree = "<group>"; };
		8073BACE1F0B60D700BF8C50 /* KeyboardEventTapDelegate.h */ = {isa = PBXFileReference; lastKnownFileType = sourcecode.c.h; path = KeyboardEventTapDelegate.h; sourceTree = "<group>"; };
		8073BACF1F0B623F00BF8C50 /* KeyboardEvent.h */ = {isa = PBXFileReference; fileEncoding = 4; lastKnownFileType = sourcecode.c.h; path = KeyboardEvent.h; sourceTree = "<group>"; };
		8073BAD01F0B623F00BF8C50 /* KeyboardEvent.m */ = {isa = PBXFileReference; fileEncoding = 4; lastKnownFileType = sourcecode.c.objc; path = KeyboardEvent.m; sourceTree = "<group>"; };
		8073BAD21F0B62F700BF8C50 /* IOHIDKeyboardEvent.h */ = {isa = PBXFileReference; fileEncoding = 4; lastKnownFileType = sourcecode.c.h; path = IOHIDKeyboardEvent.h; sourceTree = "<group>"; };
		8073BAD31F0B62F700BF8C50 /* IOHIDKeyboardEvent.m */ = {isa = PBXFileReference; fileEncoding = 4; lastKnownFileType = sourcecode.c.objc; path = IOHIDKeyboardEvent.m; sourceTree = "<group>"; };
		8073BAD51F0B633700BF8C50 /* CGKeyboardEvent.h */ = {isa = PBXFileReference; fileEncoding = 4; lastKnownFileType = sourcecode.c.h; path = CGKeyboardEvent.h; sourceTree = "<group>"; };
		8073BAD61F0B633700BF8C50 /* CGKeyboardEvent.m */ = {isa = PBXFileReference; fileEncoding = 4; lastKnownFileType = sourcecode.c.objc; path = CGKeyboardEvent.m; sourceTree = "<group>"; };
		8073BAD81F0BE1AE00BF8C50 /* CGKeyboardEventTap.h */ = {isa = PBXFileReference; fileEncoding = 4; lastKnownFileType = sourcecode.c.h; path = CGKeyboardEventTap.h; sourceTree = "<group>"; };
		8073BAD91F0BE1AE00BF8C50 /* CGKeyboardEventTap.m */ = {isa = PBXFileReference; fileEncoding = 4; lastKnownFileType = sourcecode.c.objc; path = CGKeyboardEventTap.m; sourceTree = "<group>"; };
		8073BADB1F0BE1F300BF8C50 /* CGKeyboardEventTapDelegate.h */ = {isa = PBXFileReference; fileEncoding = 4; lastKnownFileType = sourcecode.c.h; path = CGKeyboardEventTapDelegate.h; sourceTree = "<group>"; };
		8073BADE1F0BE78E00BF8C50 /* IOHIDKeyboardEventTap.h */ = {isa = PBXFileReference; fileEncoding = 4; lastKnownFileType = sourcecode.c.h; path = IOHIDKeyboardEventTap.h; sourceTree = "<group>"; };
		8073BADF1F0BE78E00BF8C50 /* IOHIDKeyboardEventTap.m */ = {isa = PBXFileReference; fileEncoding = 4; lastKnownFileType = sourcecode.c.objc; path = IOHIDKeyboardEventTap.m; sourceTree = "<group>"; };
		8073BAE11F0BE7BC00BF8C50 /* IOHIDKeyboardEventTapDelegate.h */ = {isa = PBXFileReference; lastKnownFileType = sourcecode.c.h; path = IOHIDKeyboardEventTapDelegate.h; sourceTree = "<group>"; };
		80B4F26E1F0D4A100082BA26 /* KeyboardDevice.h */ = {isa = PBXFileReference; fileEncoding = 4; lastKnownFileType = sourcecode.c.h; path = KeyboardDevice.h; sourceTree = "<group>"; };
		80B4F26F1F0D4A100082BA26 /* KeyboardDevice.m */ = {isa = PBXFileReference; fileEncoding = 4; lastKnownFileType = sourcecode.c.objc; path = KeyboardDevice.m; sourceTree = "<group>"; };
/* End PBXFileReference section */

/* Begin PBXFrameworksBuildPhase section */
		8073BA9D1F09540900BF8C50 /* Frameworks */ = {
			isa = PBXFrameworksBuildPhase;
			buildActionMask = 2147483647;
			files = (
			);
			runOnlyForDeploymentPostprocessing = 0;
		};
/* End PBXFrameworksBuildPhase section */

/* Begin PBXGroup section */
		8073BA971F09540900BF8C50 = {
			isa = PBXGroup;
			children = (
				8073BAA21F09540900BF8C50 /* MoreKeys */,
				8073BAA11F09540900BF8C50 /* Products */,
			);
			sourceTree = "<group>";
		};
		8073BAA11F09540900BF8C50 /* Products */ = {
			isa = PBXGroup;
			children = (
				8073BAA01F09540900BF8C50 /* MoreKeys.app */,
			);
			name = Products;
			sourceTree = "<group>";
		};
		8073BAA21F09540900BF8C50 /* MoreKeys */ = {
			isa = PBXGroup;
			children = (
				8073BAC41F09690500BF8C50 /* UI */,
				8073BAC31F0968FA00BF8C50 /* IO */,
				8073BAA31F09540900BF8C50 /* AppDelegate.h */,
				8073BAA41F09540900BF8C50 /* AppDelegate.m */,
				8073BAAC1F09540900BF8C50 /* Assets.xcassets */,
				8073BAB11F09540900BF8C50 /* Info.plist */,
				8073BAB71F0954A500BF8C50 /* MainMenu.xib */,
				8073BAA61F09540900BF8C50 /* Supporting Files */,
			);
			path = MoreKeys;
			sourceTree = "<group>";
		};
		8073BAA61F09540900BF8C50 /* Supporting Files */ = {
			isa = PBXGroup;
			children = (
				8073BAA71F09540900BF8C50 /* main.m */,
			);
			name = "Supporting Files";
			sourceTree = "<group>";
		};
		8073BAC31F0968FA00BF8C50 /* IO */ = {
			isa = PBXGroup;
			children = (
				8073BAD51F0B633700BF8C50 /* CGKeyboardEvent.h */,
				8073BAD61F0B633700BF8C50 /* CGKeyboardEvent.m */,
				8073BAD81F0BE1AE00BF8C50 /* CGKeyboardEventTap.h */,
				8073BAD91F0BE1AE00BF8C50 /* CGKeyboardEventTap.m */,
				8073BADB1F0BE1F300BF8C50 /* CGKeyboardEventTapDelegate.h */,
				8073BAD21F0B62F700BF8C50 /* IOHIDKeyboardEvent.h */,
				8073BAD31F0B62F700BF8C50 /* IOHIDKeyboardEvent.m */,
				8073BADE1F0BE78E00BF8C50 /* IOHIDKeyboardEventTap.h */,
				8073BADF1F0BE78E00BF8C50 /* IOHIDKeyboardEventTap.m */,
				8073BAE11F0BE7BC00BF8C50 /* IOHIDKeyboardEventTapDelegate.h */,
				8073BACF1F0B623F00BF8C50 /* KeyboardEvent.h */,
				8073BAD01F0B623F00BF8C50 /* KeyboardEvent.m */,
				8073BACB1F0B5E6200BF8C50 /* KeyboardEventTap.h */,
				8073BACC1F0B5E6200BF8C50 /* KeyboardEventTap.m */,
				8073BACE1F0B60D700BF8C50 /* KeyboardEventTapDelegate.h */,
				8073BAC51F096B5400BF8C50 /* MatchingDictionary.h */,
				8073BAC61F096B5400BF8C50 /* MatchingDictionary.m */,
				8073BAC81F09CEB900BF8C50 /* MatchingDictionaryList.h */,
				8073BAC91F09CEB900BF8C50 /* MatchingDictionaryList.m */,
				80B4F26E1F0D4A100082BA26 /* KeyboardDevice.h */,
				80B4F26F1F0D4A100082BA26 /* KeyboardDevice.m */,
				800689BF1F0D9328001FE47D /* KeyboardRegistry.h */,
				800689C01F0D9328001FE47D /* KeyboardRegistry.m */,
				800689C21F0D9406001FE47D /* KeyboardRegistryDelegate.h */,
			);
			path = IO;
			sourceTree = "<group>";
		};
		8073BAC41F09690500BF8C50 /* UI */ = {
			isa = PBXGroup;
			children = (
				8073BABE1F0964E800BF8C50 /* PreferencesWindowController.h */,
				8073BABF1F0964E800BF8C50 /* PreferencesWindowController.m */,
				8073BAC01F0964E800BF8C50 /* PreferencesWindow.xib */,
			);
			path = UI;
			sourceTree = "<group>";
		};
/* End PBXGroup section */

/* Begin PBXNativeTarget section */
		8073BA9F1F09540900BF8C50 /* MoreKeys */ = {
			isa = PBXNativeTarget;
			buildConfigurationList = 8073BAB41F09540900BF8C50 /* Build configuration list for PBXNativeTarget "MoreKeys" */;
			buildPhases = (
				8073BA9C1F09540900BF8C50 /* Sources */,
				8073BA9D1F09540900BF8C50 /* Frameworks */,
				8073BA9E1F09540900BF8C50 /* Resources */,
			);
			buildRules = (
			);
			dependencies = (
			);
			name = MoreKeys;
			productName = MoreKeys;
			productReference = 8073BAA01F09540900BF8C50 /* MoreKeys.app */;
			productType = "com.apple.product-type.application";
		};
/* End PBXNativeTarget section */

/* Begin PBXProject section */
		8073BA981F09540900BF8C50 /* Project object */ = {
			isa = PBXProject;
			attributes = {
				LastUpgradeCheck = 0830;
				ORGANIZATIONNAME = "Factual Composites";
				TargetAttributes = {
					8073BA9F1F09540900BF8C50 = {
						CreatedOnToolsVersion = 8.3.3;
						ProvisioningStyle = Automatic;
					};
				};
			};
			buildConfigurationList = 8073BA9B1F09540900BF8C50 /* Build configuration list for PBXProject "MoreKeys" */;
			compatibilityVersion = "Xcode 3.2";
			developmentRegion = English;
			hasScannedForEncodings = 0;
			knownRegions = (
				en,
				Base,
			);
			mainGroup = 8073BA971F09540900BF8C50;
			productRefGroup = 8073BAA11F09540900BF8C50 /* Products */;
			projectDirPath = "";
			projectRoot = "";
			targets = (
				8073BA9F1F09540900BF8C50 /* MoreKeys */,
			);
		};
/* End PBXProject section */

/* Begin PBXResourcesBuildPhase section */
		8073BA9E1F09540900BF8C50 /* Resources */ = {
			isa = PBXResourcesBuildPhase;
			buildActionMask = 2147483647;
			files = (
				8073BAC21F0964E800BF8C50 /* PreferencesWindow.xib in Resources */,
				8073BAAD1F09540900BF8C50 /* Assets.xcassets in Resources */,
				8073BAB81F0954A500BF8C50 /* MainMenu.xib in Resources */,
			);
			runOnlyForDeploymentPostprocessing = 0;
		};
/* End PBXResourcesBuildPhase section */

/* Begin PBXSourcesBuildPhase section */
		8073BA9C1F09540900BF8C50 /* Sources */ = {
			isa = PBXSourcesBuildPhase;
			buildActionMask = 2147483647;
			files = (
				80B4F2701F0D4A100082BA26 /* KeyboardDevice.m in Sources */,
				8073BAE01F0BE78E00BF8C50 /* IOHIDKeyboardEventTap.m in Sources */,
				8073BAD71F0B633700BF8C50 /* CGKeyboardEvent.m in Sources */,
				8073BAC71F096B5400BF8C50 /* MatchingDictionary.m in Sources */,
				8073BACD1F0B5E6200BF8C50 /* KeyboardEventTap.m in Sources */,
				800689C11F0D9328001FE47D /* KeyboardRegistry.m in Sources */,
				8073BADA1F0BE1AE00BF8C50 /* CGKeyboardEventTap.m in Sources */,
				8073BACA1F09CEB900BF8C50 /* MatchingDictionaryList.m in Sources */,
				8073BAA81F09540900BF8C50 /* main.m in Sources */,
				8073BAC11F0964E800BF8C50 /* PreferencesWindowController.m in Sources */,
				8073BAA51F09540900BF8C50 /* AppDelegate.m in Sources */,
				8073BAD11F0B623F00BF8C50 /* KeyboardEvent.m in Sources */,
				8073BAD41F0B62F700BF8C50 /* IOHIDKeyboardEvent.m in Sources */,
			);
			runOnlyForDeploymentPostprocessing = 0;
		};
/* End PBXSourcesBuildPhase section */

/* Begin XCBuildConfiguration section */
		8073BAB21F09540900BF8C50 /* Debug */ = {
			isa = XCBuildConfiguration;
			buildSettings = {
				ALWAYS_SEARCH_USER_PATHS = NO;
				CLANG_ANALYZER_NONNULL = YES;
				CLANG_ANALYZER_NUMBER_OBJECT_CONVERSION = YES_AGGRESSIVE;
				CLANG_CXX_LANGUAGE_STANDARD = "gnu++0x";
				CLANG_CXX_LIBRARY = "libc++";
				CLANG_ENABLE_MODULES = YES;
				CLANG_ENABLE_OBJC_ARC = YES;
				CLANG_WARN_BOOL_CONVERSION = YES;
				CLANG_WARN_CONSTANT_CONVERSION = YES;
				CLANG_WARN_DIRECT_OBJC_ISA_USAGE = YES_ERROR;
				CLANG_WARN_DOCUMENTATION_COMMENTS = YES;
				CLANG_WARN_EMPTY_BODY = YES;
				CLANG_WARN_ENUM_CONVERSION = YES;
				CLANG_WARN_INFINITE_RECURSION = YES;
				CLANG_WARN_INT_CONVERSION = YES;
				CLANG_WARN_OBJC_ROOT_CLASS = YES_ERROR;
				CLANG_WARN_SUSPICIOUS_MOVE = YES;
				CLANG_WARN_UNREACHABLE_CODE = YES;
				CLANG_WARN__DUPLICATE_METHOD_MATCH = YES;
				CODE_SIGN_IDENTITY = "-";
				COPY_PHASE_STRIP = NO;
				DEBUG_INFORMATION_FORMAT = dwarf;
				ENABLE_STRICT_OBJC_MSGSEND = YES;
				ENABLE_TESTABILITY = YES;
				GCC_C_LANGUAGE_STANDARD = gnu99;
				GCC_DYNAMIC_NO_PIC = NO;
				GCC_NO_COMMON_BLOCKS = YES;
				GCC_OPTIMIZATION_LEVEL = 0;
				GCC_PREPROCESSOR_DEFINITIONS = (
					"DEBUG=1",
					"$(inherited)",
				);
				GCC_WARN_64_TO_32_BIT_CONVERSION = YES;
				GCC_WARN_ABOUT_RETURN_TYPE = YES_ERROR;
				GCC_WARN_UNDECLARED_SELECTOR = YES;
				GCC_WARN_UNINITIALIZED_AUTOS = YES_AGGRESSIVE;
				GCC_WARN_UNUSED_FUNCTION = YES;
				GCC_WARN_UNUSED_VARIABLE = YES;
				MACOSX_DEPLOYMENT_TARGET = 10.12;
				MTL_ENABLE_DEBUG_INFO = YES;
				ONLY_ACTIVE_ARCH = YES;
				SDKROOT = macosx;
			};
			name = Debug;
		};
		8073BAB31F09540900BF8C50 /* Release */ = {
			isa = XCBuildConfiguration;
			buildSettings = {
				ALWAYS_SEARCH_USER_PATHS = NO;
				CLANG_ANALYZER_NONNULL = YES;
				CLANG_ANALYZER_NUMBER_OBJECT_CONVERSION = YES_AGGRESSIVE;
				CLANG_CXX_LANGUAGE_STANDARD = "gnu++0x";
				CLANG_CXX_LIBRARY = "libc++";
				CLANG_ENABLE_MODULES = YES;
				CLANG_ENABLE_OBJC_ARC = YES;
				CLANG_WARN_BOOL_CONVERSION = YES;
				CLANG_WARN_CONSTANT_CONVERSION = YES;
				CLANG_WARN_DIRECT_OBJC_ISA_USAGE = YES_ERROR;
				CLANG_WARN_DOCUMENTATION_COMMENTS = YES;
				CLANG_WARN_EMPTY_BODY = YES;
				CLANG_WARN_ENUM_CONVERSION = YES;
				CLANG_WARN_INFINITE_RECURSION = YES;
				CLANG_WARN_INT_CONVERSION = YES;
				CLANG_WARN_OBJC_ROOT_CLASS = YES_ERROR;
				CLANG_WARN_SUSPICIOUS_MOVE = YES;
				CLANG_WARN_UNREACHABLE_CODE = YES;
				CLANG_WARN__DUPLICATE_METHOD_MATCH = YES;
				CODE_SIGN_IDENTITY = "-";
				COPY_PHASE_STRIP = NO;
				DEBUG_INFORMATION_FORMAT = "dwarf-with-dsym";
				ENABLE_NS_ASSERTIONS = NO;
				ENABLE_STRICT_OBJC_MSGSEND = YES;
				GCC_C_LANGUAGE_STANDARD = gnu99;
				GCC_NO_COMMON_BLOCKS = YES;
				GCC_WARN_64_TO_32_BIT_CONVERSION = YES;
				GCC_WARN_ABOUT_RETURN_TYPE = YES_ERROR;
				GCC_WARN_UNDECLARED_SELECTOR = YES;
				GCC_WARN_UNINITIALIZED_AUTOS = YES_AGGRESSIVE;
				GCC_WARN_UNUSED_FUNCTION = YES;
				GCC_WARN_UNUSED_VARIABLE = YES;
				MACOSX_DEPLOYMENT_TARGET = 10.12;
				MTL_ENABLE_DEBUG_INFO = NO;
				SDKROOT = macosx;
			};
			name = Release;
		};
		8073BAB51F09540900BF8C50 /* Debug */ = {
			isa = XCBuildConfiguration;
			buildSettings = {
				ASSETCATALOG_COMPILER_APPICON_NAME = AppIcon;
				COMBINE_HIDPI_IMAGES = YES;
				INFOPLIST_FILE = MoreKeys/Info.plist;
				LD_RUNPATH_SEARCH_PATHS = "$(inherited) @executable_path/../Frameworks";
				PRODUCT_BUNDLE_IDENTIFIER = com.factualcomposites.MoreKeys;
				PRODUCT_NAME = "$(TARGET_NAME)";
			};
			name = Debug;
		};
		8073BAB61F09540900BF8C50 /* Release */ = {
			isa = XCBuildConfiguration;
			buildSettings = {
				ASSETCATALOG_COMPILER_APPICON_NAME = AppIcon;
				COMBINE_HIDPI_IMAGES = YES;
				INFOPLIST_FILE = MoreKeys/Info.plist;
				LD_RUNPATH_SEARCH_PATHS = "$(inherited) @executable_path/../Frameworks";
				PRODUCT_BUNDLE_IDENTIFIER = com.factualcomposites.MoreKeys;
				PRODUCT_NAME = "$(TARGET_NAME)";
			};
			name = Release;
		};
/* End XCBuildConfiguration section */

/* Begin XCConfigurationList section */
		8073BA9B1F09540900BF8C50 /* Build configuration list for PBXProject "MoreKeys" */ = {
			isa = XCConfigurationList;
			buildConfigurations = (
				8073BAB21F09540900BF8C50 /* Debug */,
				8073BAB31F09540900BF8C50 /* Release */,
			);
			defaultConfigurationIsVisible = 0;
			defaultConfigurationName = Release;
		};
		8073BAB41F09540900BF8C50 /* Build configuration list for PBXNativeTarget "MoreKeys" */ = {
			isa = XCConfigurationList;
			buildConfigurations = (
				8073BAB51F09540900BF8C50 /* Debug */,
				8073BAB61F09540900BF8C50 /* Release */,
			);
			defaultConfigurationIsVisible = 0;
			defaultConfigurationName = Release;
		};
/* End XCConfigurationList section */
	};
	rootObject = 8073BA981F09540900BF8C50 /* Project object */;
}
